
Microsoft Visual Studio Solution File, Format Version 12.00
# Visual Studio 14
VisualStudioVersion = 14.0.25123.0
MinimumVisualStudioVersion = 10.0.40219.1
Project("{FAE04EC0-301F-11D3-BF4B-00C04F79EFBC}") = "Server.Core", "Server.Core\Server.Core.csproj", "{CC5D26B6-C3EA-4E21-B7D6-A3AE2EDDC7F4}"
EndProject
Project("{FAE04EC0-301F-11D3-BF4B-00C04F79EFBC}") = "Server.Test", "Server.Test\Server.Test.csproj", "{5B200942-A724-4BEA-A1B9-4F67F0722147}"
EndProject
Global
	GlobalSection(SolutionConfigurationPlatforms) = preSolution
		Build DLL|Any CPU = Build DLL|Any CPU
		Debug|Any CPU = Debug|Any CPU
		Release|Any CPU = Release|Any CPU
	EndGlobalSection
	GlobalSection(ProjectConfigurationPlatforms) = postSolution
		{CC5D26B6-C3EA-4E21-B7D6-A3AE2EDDC7F4}.Build DLL|Any CPU.ActiveCfg = Build DLL|Any CPU
		{CC5D26B6-C3EA-4E21-B7D6-A3AE2EDDC7F4}.Build DLL|Any CPU.Build.0 = Build DLL|Any CPU
		{CC5D26B6-C3EA-4E21-B7D6-A3AE2EDDC7F4}.Debug|Any CPU.ActiveCfg = Debug|Any CPU
		{CC5D26B6-C3EA-4E21-B7D6-A3AE2EDDC7F4}.Debug|Any CPU.Build.0 = Debug|Any CPU
		{CC5D26B6-C3EA-4E21-B7D6-A3AE2EDDC7F4}.Release|Any CPU.ActiveCfg = Release|Any CPU
		{CC5D26B6-C3EA-4E21-B7D6-A3AE2EDDC7F4}.Release|Any CPU.Build.0 = Release|Any CPU
		{CC5D26B6-C3EA-4E21-B7D6-A3AE2EDDC7F4}.Release|Any CPU.Deploy.0 = Release|Any CPU
		{5B200942-A724-4BEA-A1B9-4F67F0722147}.Build DLL|Any CPU.ActiveCfg = Build DLL|Any CPU
		{5B200942-A724-4BEA-A1B9-4F67F0722147}.Debug|Any CPU.ActiveCfg = Debug|Any CPU
		{5B200942-A724-4BEA-A1B9-4F67F0722147}.Debug|Any CPU.Build.0 = Debug|Any CPU
		{5B200942-A724-4BEA-A1B9-4F67F0722147}.Release|Any CPU.ActiveCfg = Release|Any CPU
		{5B200942-A724-4BEA-A1B9-4F67F0722147}.Release|Any CPU.Deploy.0 = Release|Any CPU
	EndGlobalSection
	GlobalSection(SolutionProperties) = preSolution
		HideSolutionNode = FALSE
	EndGlobalSection
EndGlobal
